
Microsoft Visual Studio Solution File, Format Version 12.00
# Visual Studio 15
VisualStudioVersion = 15.0.28307.421
MinimumVisualStudioVersion = 10.0.40219.1
Project("{9A19103F-16F7-4668-BE54-9A1E7A4F7556}") = "VehicleTelemetrySimulator", "VehicleTelemetrySimulator.csproj", "{3F8B316B-70BC-46A7-8C8E-A9C996253173}"
EndProject
Global
	GlobalSection(SolutionConfigurationPlatforms) = preSolution
		Debug|Any CPU = Debug|Any CPU
		Release|Any CPU = Release|Any CPU
	EndGlobalSection
	GlobalSection(ProjectConfigurationPlatforms) = postSolution
		{3F8B316B-70BC-46A7-8C8E-A9C996253173}.Debug|Any CPU.ActiveCfg = Debug|Any CPU
		{3F8B316B-70BC-46A7-8C8E-A9C996253173}.Debug|Any CPU.Build.0 = Debug|Any CPU
		{3F8B316B-70BC-46A7-8C8E-A9C996253173}.Release|Any CPU.ActiveCfg = Release|Any CPU
		{3F8B316B-70BC-46A7-8C8E-A9C996253173}.Release|Any CPU.Build.0 = Release|Any CPU
	EndGlobalSection
	GlobalSection(SolutionProperties) = preSolution
		HideSolutionNode = FALSE
	EndGlobalSection
	GlobalSection(ExtensibilityGlobals) = postSolution
		SolutionGuid = {392C5699-C41B-4C96-907B-FA8D121E5F05}
	EndGlobalSection
EndGlobal
